// !$*UTF8*$!
{
	archiveVersion = 1;
	classes = {
	};
	objectVersion = 46;
	objects = {

/* Begin PBXBuildFile section */
		2B11F7871D178EC900BFA5DF /* DownloadDataViewController.m in Sources */ = {isa = PBXBuildFile; fileRef = 2B11F7841D178EC900BFA5DF /* DownloadDataViewController.m */; };
		2B11F7881D178EC900BFA5DF /* DownloadSessionViewController.m in Sources */ = {isa = PBXBuildFile; fileRef = 2B11F7861D178EC900BFA5DF /* DownloadSessionViewController.m */; };
		2B3BEBC91D0EB09C00B6E552 /* TYDownloadSessionManager.m in Sources */ = {isa = PBXBuildFile; fileRef = 2B3BEBC81D0EB09C00B6E552 /* TYDownloadSessionManager.m */; };
		2BF9E9F71D0D50D200FCD6CA /* main.m in Sources */ = {isa = PBXBuildFile; fileRef = 2BF9E9F61D0D50D200FCD6CA /* main.m */; };
		2BF9E9FA1D0D50D200FCD6CA /* AppDelegate.m in Sources */ = {isa = PBXBuildFile; fileRef = 2BF9E9F91D0D50D200FCD6CA /* AppDelegate.m */; };
		2BF9EA021D0D50D200FCD6CA /* Assets.xcassets in Resources */ = {isa = PBXBuildFile; fileRef = 2BF9EA011D0D50D200FCD6CA /* Assets.xcassets */; };
		2BF9EA051D0D50D200FCD6CA /* LaunchScreen.storyboard in Resources */ = {isa = PBXBuildFile; fileRef = 2BF9EA031D0D50D200FCD6CA /* LaunchScreen.storyboard */; };
		2BF9EA121D0D579600FCD6CA /* TYDownLoadDataManager.m in Sources */ = {isa = PBXBuildFile; fileRef = 2BF9EA111D0D579600FCD6CA /* TYDownLoadDataManager.m */; };
		2BF9EA151D0D583F00FCD6CA /* TYDownLoadModel.m in Sources */ = {isa = PBXBuildFile; fileRef = 2BF9EA141D0D583F00FCD6CA /* TYDownLoadModel.m */; };
		2BF9EA181D0D588C00FCD6CA /* TYDownloadUtility.m in Sources */ = {isa = PBXBuildFile; fileRef = 2BF9EA171D0D588C00FCD6CA /* TYDownloadUtility.m */; };
		2BF9EA1A1D0D5AB900FCD6CA /* Main.storyboard in Resources */ = {isa = PBXBuildFile; fileRef = 2BF9EA191D0D5AB900FCD6CA /* Main.storyboard */; };
/* End PBXBuildFile section */

/* Begin PBXFileReference section */
		2B11F7831D178EC900BFA5DF /* DownloadDataViewController.h */ = {isa = PBXFileReference; fileEncoding = 4; lastKnownFileType = sourcecode.c.h; path = DownloadDataViewController.h; sourceTree = "<group>"; };
		2B11F7841D178EC900BFA5DF /* DownloadDataViewController.m */ = {isa = PBXFileReference; fileEncoding = 4; lastKnownFileType = sourcecode.c.objc; path = DownloadDataViewController.m; sourceTree = "<group>"; };
		2B11F7851D178EC900BFA5DF /* DownloadSessionViewController.h */ = {isa = PBXFileReference; fileEncoding = 4; lastKnownFileType = sourcecode.c.h; path = DownloadSessionViewController.h; sourceTree = "<group>"; };
		2B11F7861D178EC900BFA5DF /* DownloadSessionViewController.m */ = {isa = PBXFileReference; fileEncoding = 4; lastKnownFileType = sourcecode.c.objc; path = DownloadSessionViewController.m; sourceTree = "<group>"; };
		2B3BEBC71D0EB09C00B6E552 /* TYDownloadSessionManager.h */ = {isa = PBXFileReference; fileEncoding = 4; lastKnownFileType = sourcecode.c.h; path = TYDownloadSessionManager.h; sourceTree = "<group>"; };
		2B3BEBC81D0EB09C00B6E552 /* TYDownloadSessionManager.m */ = {isa = PBXFileReference; fileEncoding = 4; lastKnownFileType = sourcecode.c.objc; path = TYDownloadSessionManager.m; sourceTree = "<group>"; };
		2BEBFF231D1CC7CC00D6554A /* TYDownloadDelegate.h */ = {isa = PBXFileReference; fileEncoding = 4; lastKnownFileType = sourcecode.c.h; path = TYDownloadDelegate.h; sourceTree = "<group>"; };
		2BF9E9F21D0D50D200FCD6CA /* TYDownloadManagerDemo.app */ = {isa = PBXFileReference; explicitFileType = wrapper.application; includeInIndex = 0; path = TYDownloadManagerDemo.app; sourceTree = BUILT_PRODUCTS_DIR; };
		2BF9E9F61D0D50D200FCD6CA /* main.m */ = {isa = PBXFileReference; lastKnownFileType = sourcecode.c.objc; path = main.m; sourceTree = "<group>"; };
		2BF9E9F81D0D50D200FCD6CA /* AppDelegate.h */ = {isa = PBXFileReference; lastKnownFileType = sourcecode.c.h; path = AppDelegate.h; sourceTree = "<group>"; };
		2BF9E9F91D0D50D200FCD6CA /* AppDelegate.m */ = {isa = PBXFileReference; lastKnownFileType = sourcecode.c.objc; path = AppDelegate.m; sourceTree = "<group>"; };
		2BF9EA011D0D50D200FCD6CA /* Assets.xcassets */ = {isa = PBXFileReference; lastKnownFileType = folder.assetcatalog; path = Assets.xcassets; sourceTree = "<group>"; };
		2BF9EA041D0D50D200FCD6CA /* Base */ = {isa = PBXFileReference; lastKnownFileType = file.storyboard; name = Base; path = Base.lproj/LaunchScreen.storyboard; sourceTree = "<group>"; };
		2BF9EA061D0D50D200FCD6CA /* Info.plist */ = {isa = PBXFileReference; lastKnownFileType = text.plist.xml; path = Info.plist; sourceTree = "<group>"; };
		2BF9EA101D0D579600FCD6CA /* TYDownLoadDataManager.h */ = {isa = PBXFileReference; fileEncoding = 4; lastKnownFileType = sourcecode.c.h; path = TYDownLoadDataManager.h; sourceTree = "<group>"; };
		2BF9EA111D0D579600FCD6CA /* TYDownLoadDataManager.m */ = {isa = PBXFileReference; fileEncoding = 4; lastKnownFileType = sourcecode.c.objc; path = TYDownLoadDataManager.m; sourceTree = "<group>"; };
		2BF9EA131D0D583F00FCD6CA /* TYDownLoadModel.h */ = {isa = PBXFileReference; fileEncoding = 4; lastKnownFileType = sourcecode.c.h; path = TYDownLoadModel.h; sourceTree = "<group>"; };
		2BF9EA141D0D583F00FCD6CA /* TYDownLoadModel.m */ = {isa = PBXFileReference; fileEncoding = 4; lastKnownFileType = sourcecode.c.objc; path = TYDownLoadModel.m; sourceTree = "<group>"; };
		2BF9EA161D0D588C00FCD6CA /* TYDownloadUtility.h */ = {isa = PBXFileReference; fileEncoding = 4; lastKnownFileType = sourcecode.c.h; path = TYDownloadUtility.h; sourceTree = "<group>"; };
		2BF9EA171D0D588C00FCD6CA /* TYDownloadUtility.m */ = {isa = PBXFileReference; fileEncoding = 4; lastKnownFileType = sourcecode.c.objc; path = TYDownloadUtility.m; sourceTree = "<group>"; };
		2BF9EA191D0D5AB900FCD6CA /* Main.storyboard */ = {isa = PBXFileReference; fileEncoding = 4; lastKnownFileType = file.storyboard; path = Main.storyboard; sourceTree = "<group>"; };
/* End PBXFileReference section */

/* Begin PBXFrameworksBuildPhase section */
		2BF9E9EF1D0D50D200FCD6CA /* Frameworks */ = {
			isa = PBXFrameworksBuildPhase;
			buildActionMask = 2147483647;
			files = (
			);
			runOnlyForDeploymentPostprocessing = 0;
		};
/* End PBXFrameworksBuildPhase section */

/* Begin PBXGroup section */
		2BF9E9E91D0D50D200FCD6CA = {
			isa = PBXGroup;
			children = (
				2BF9E9F41D0D50D200FCD6CA /* TYDownloadManagerDemo */,
				2BF9E9F31D0D50D200FCD6CA /* Products */,
			);
			sourceTree = "<group>";
		};
		2BF9E9F31D0D50D200FCD6CA /* Products */ = {
			isa = PBXGroup;
			children = (
				2BF9E9F21D0D50D200FCD6CA /* TYDownloadManagerDemo.app */,
			);
			name = Products;
			sourceTree = "<group>";
		};
		2BF9E9F41D0D50D200FCD6CA /* TYDownloadManagerDemo */ = {
			isa = PBXGroup;
			children = (
				2BF9EA0C1D0D50EA00FCD6CA /* TYDownloadManager */,
				2BF9E9F81D0D50D200FCD6CA /* AppDelegate.h */,
				2BF9E9F91D0D50D200FCD6CA /* AppDelegate.m */,
				2B11F7831D178EC900BFA5DF /* DownloadDataViewController.h */,
				2B11F7841D178EC900BFA5DF /* DownloadDataViewController.m */,
				2B11F7851D178EC900BFA5DF /* DownloadSessionViewController.h */,
				2B11F7861D178EC900BFA5DF /* DownloadSessionViewController.m */,
				2BF9EA191D0D5AB900FCD6CA /* Main.storyboard */,
				2BF9EA011D0D50D200FCD6CA /* Assets.xcassets */,
				2BF9EA031D0D50D200FCD6CA /* LaunchScreen.storyboard */,
				2BF9EA061D0D50D200FCD6CA /* Info.plist */,
				2BF9E9F51D0D50D200FCD6CA /* Supporting Files */,
			);
			path = TYDownloadManagerDemo;
			sourceTree = "<group>";
		};
		2BF9E9F51D0D50D200FCD6CA /* Supporting Files */ = {
			isa = PBXGroup;
			children = (
				2BF9E9F61D0D50D200FCD6CA /* main.m */,
			);
			name = "Supporting Files";
			sourceTree = "<group>";
		};
		2BF9EA0C1D0D50EA00FCD6CA /* TYDownloadManager */ = {
			isa = PBXGroup;
			children = (
				2BF9EA101D0D579600FCD6CA /* TYDownLoadDataManager.h */,
				2BF9EA111D0D579600FCD6CA /* TYDownLoadDataManager.m */,
				2B3BEBC71D0EB09C00B6E552 /* TYDownloadSessionManager.h */,
				2B3BEBC81D0EB09C00B6E552 /* TYDownloadSessionManager.m */,
				2BEBFF231D1CC7CC00D6554A /* TYDownloadDelegate.h */,
				2BF9EA131D0D583F00FCD6CA /* TYDownLoadModel.h */,
				2BF9EA141D0D583F00FCD6CA /* TYDownLoadModel.m */,
				2BF9EA161D0D588C00FCD6CA /* TYDownloadUtility.h */,
				2BF9EA171D0D588C00FCD6CA /* TYDownloadUtility.m */,
			);
			path = TYDownloadManager;
			sourceTree = "<group>";
		};
/* End PBXGroup section */

/* Begin PBXNativeTarget section */
		2BF9E9F11D0D50D200FCD6CA /* TYDownloadManagerDemo */ = {
			isa = PBXNativeTarget;
			buildConfigurationList = 2BF9EA091D0D50D200FCD6CA /* Build configuration list for PBXNativeTarget "TYDownloadManagerDemo" */;
			buildPhases = (
				2BF9E9EE1D0D50D200FCD6CA /* Sources */,
				2BF9E9EF1D0D50D200FCD6CA /* Frameworks */,
				2BF9E9F01D0D50D200FCD6CA /* Resources */,
			);
			buildRules = (
			);
			dependencies = (
			);
			name = TYDownloadManagerDemo;
			productName = TYDownloadManagerDemo;
			productReference = 2BF9E9F21D0D50D200FCD6CA /* TYDownloadManagerDemo.app */;
			productType = "com.apple.product-type.application";
		};
/* End PBXNativeTarget section */

/* Begin PBXProject section */
		2BF9E9EA1D0D50D200FCD6CA /* Project object */ = {
			isa = PBXProject;
			attributes = {
				LastUpgradeCheck = 0730;
				ORGANIZATIONNAME = tany;
				TargetAttributes = {
					2BF9E9F11D0D50D200FCD6CA = {
						CreatedOnToolsVersion = 7.3.1;
						DevelopmentTeam = ZW52Q3KXX4;
					};
				};
			};
			buildConfigurationList = 2BF9E9ED1D0D50D200FCD6CA /* Build configuration list for PBXProject "TYDownloadManagerDemo" */;
			compatibilityVersion = "Xcode 3.2";
			developmentRegion = English;
			hasScannedForEncodings = 0;
			knownRegions = (
				en,
				Base,
			);
			mainGroup = 2BF9E9E91D0D50D200FCD6CA;
			productRefGroup = 2BF9E9F31D0D50D200FCD6CA /* Products */;
			projectDirPath = "";
			projectRoot = "";
			targets = (
				2BF9E9F11D0D50D200FCD6CA /* TYDownloadManagerDemo */,
			);
		};
/* End PBXProject section */

/* Begin PBXResourcesBuildPhase section */
		2BF9E9F01D0D50D200FCD6CA /* Resources */ = {
			isa = PBXResourcesBuildPhase;
			buildActionMask = 2147483647;
			files = (
				2BF9EA1A1D0D5AB900FCD6CA /* Main.storyboard in Resources */,
				2BF9EA051D0D50D200FCD6CA /* LaunchScreen.storyboard in Resources */,
				2BF9EA021D0D50D200FCD6CA /* Assets.xcassets in Resources */,
			);
			runOnlyForDeploymentPostprocessing = 0;
		};
/* End PBXResourcesBuildPhase section */

/* Begin PBXSourcesBuildPhase section */
		2BF9E9EE1D0D50D200FCD6CA /* Sources */ = {
			isa = PBXSourcesBuildPhase;
			buildActionMask = 2147483647;
			files = (
				2BF9EA121D0D579600FCD6CA /* TYDownLoadDataManager.m in Sources */,
				2B3BEBC91D0EB09C00B6E552 /* TYDownloadSessionManager.m in Sources */,
				2BF9E9FA1D0D50D200FCD6CA /* AppDelegate.m in Sources */,
				2BF9EA181D0D588C00FCD6CA /* TYDownloadUtility.m in Sources */,
				2BF9EA151D0D583F00FCD6CA /* TYDownLoadModel.m in Sources */,
				2B11F7881D178EC900BFA5DF /* DownloadSessionViewController.m in Sources */,
				2B11F7871D178EC900BFA5DF /* DownloadDataViewController.m in Sources */,
				2BF9E9F71D0D50D200FCD6CA /* main.m in Sources */,
			);
			runOnlyForDeploymentPostprocessing = 0;
		};
/* End PBXSourcesBuildPhase section */

/* Begin PBXVariantGroup section */
		2BF9EA031D0D50D200FCD6CA /* LaunchScreen.storyboard */ = {
			isa = PBXVariantGroup;
			children = (
				2BF9EA041D0D50D200FCD6CA /* Base */,
			);
			name = LaunchScreen.storyboard;
			sourceTree = "<group>";
		};
/* End PBXVariantGroup section */

/* Begin XCBuildConfiguration section */
		2BF9EA071D0D50D200FCD6CA /* Debug */ = {
			isa = XCBuildConfiguration;
			buildSettings = {
				ALWAYS_SEARCH_USER_PATHS = NO;
				CLANG_ANALYZER_NONNULL = YES;
				CLANG_CXX_LANGUAGE_STANDARD = "gnu++0x";
				CLANG_CXX_LIBRARY = "libc++";
				CLANG_ENABLE_MODULES = YES;
				CLANG_ENABLE_OBJC_ARC = YES;
				CLANG_WARN_BOOL_CONVERSION = YES;
				CLANG_WARN_CONSTANT_CONVERSION = YES;
				CLANG_WARN_DIRECT_OBJC_ISA_USAGE = YES_ERROR;
				CLANG_WARN_EMPTY_BODY = YES;
				CLANG_WARN_ENUM_CONVERSION = YES;
				CLANG_WARN_INT_CONVERSION = YES;
				CLANG_WARN_OBJC_ROOT_CLASS = YES_ERROR;
				CLANG_WARN_UNREACHABLE_CODE = YES;
				CLANG_WARN__DUPLICATE_METHOD_MATCH = YES;
				"CODE_SIGN_IDENTITY[sdk=iphoneos*]" = "iPhone Developer";
				COPY_PHASE_STRIP = NO;
				DEBUG_INFORMATION_FORMAT = dwarf;
				ENABLE_STRICT_OBJC_MSGSEND = YES;
				ENABLE_TESTABILITY = YES;
				GCC_C_LANGUAGE_STANDARD = gnu99;
				GCC_DYNAMIC_NO_PIC = NO;
				GCC_NO_COMMON_BLOCKS = YES;
				GCC_OPTIMIZATION_LEVEL = 0;
				GCC_PREPROCESSOR_DEFINITIONS = (
					"DEBUG=1",
					"$(inherited)",
				);
				GCC_WARN_64_TO_32_BIT_CONVERSION = YES;
				GCC_WARN_ABOUT_RETURN_TYPE = YES_ERROR;
				GCC_WARN_UNDECLARED_SELECTOR = YES;
				GCC_WARN_UNINITIALIZED_AUTOS = YES_AGGRESSIVE;
				GCC_WARN_UNUSED_FUNCTION = YES;
				GCC_WARN_UNUSED_VARIABLE = YES;
				IPHONEOS_DEPLOYMENT_TARGET = 7.0;
				MTL_ENABLE_DEBUG_INFO = YES;
				ONLY_ACTIVE_ARCH = YES;
				SDKROOT = iphoneos;
				TARGETED_DEVICE_FAMILY = "1,2";
			};
			name = Debug;
		};
		2BF9EA081D0D50D200FCD6CA /* Release */ = {
			isa = XCBuildConfiguration;
			buildSettings = {
				ALWAYS_SEARCH_USER_PATHS = NO;
				CLANG_ANALYZER_NONNULL = YES;
				CLANG_CXX_LANGUAGE_STANDARD = "gnu++0x";
				CLANG_CXX_LIBRARY = "libc++";
				CLANG_ENABLE_MODULES = YES;
				CLANG_ENABLE_OBJC_ARC = YES;
				CLANG_WARN_BOOL_CONVERSION = YES;
				CLANG_WARN_CONSTANT_CONVERSION = YES;
				CLANG_WARN_DIRECT_OBJC_ISA_USAGE = YES_ERROR;
				CLANG_WARN_EMPTY_BODY = YES;
				CLANG_WARN_ENUM_CONVERSION = YES;
				CLANG_WARN_INT_CONVERSION = YES;
				CLANG_WARN_OBJC_ROOT_CLASS = YES_ERROR;
				CLANG_WARN_UNREACHABLE_CODE = YES;
				CLANG_WARN__DUPLICATE_METHOD_MATCH = YES;
				"CODE_SIGN_IDENTITY[sdk=iphoneos*]" = "iPhone Developer";
				COPY_PHASE_STRIP = NO;
				DEBUG_INFORMATION_FORMAT = "dwarf-with-dsym";
				ENABLE_NS_ASSERTIONS = NO;
				ENABLE_STRICT_OBJC_MSGSEND = YES;
				GCC_C_LANGUAGE_STANDARD = gnu99;
				GCC_NO_COMMON_BLOCKS = YES;
				GCC_WARN_64_TO_32_BIT_CONVERSION = YES;
				GCC_WARN_ABOUT_RETURN_TYPE = YES_ERROR;
				GCC_WARN_UNDECLARED_SELECTOR = YES;
				GCC_WARN_UNINITIALIZED_AUTOS = YES_AGGRESSIVE;
				GCC_WARN_UNUSED_FUNCTION = YES;
				GCC_WARN_UNUSED_VARIABLE = YES;
				IPHONEOS_DEPLOYMENT_TARGET = 7.0;
				MTL_ENABLE_DEBUG_INFO = NO;
				SDKROOT = iphoneos;
				TARGETED_DEVICE_FAMILY = "1,2";
				VALIDATE_PRODUCT = YES;
			};
			name = Release;
		};
		2BF9EA0A1D0D50D200FCD6CA /* Debug */ = {
			isa = XCBuildConfiguration;
			buildSettings = {
				ASSETCATALOG_COMPILER_APPICON_NAME = AppIcon;
				CODE_SIGN_IDENTITY = "iPhone Developer";
				"CODE_SIGN_IDENTITY[sdk=iphoneos*]" = "iPhone Developer";
				INFOPLIST_FILE = TYDownloadManagerDemo/Info.plist;
				IPHONEOS_DEPLOYMENT_TARGET = 7.0;
				LD_RUNPATH_SEARCH_PATHS = "$(inherited) @executable_path/Frameworks";
				PRODUCT_BUNDLE_IDENTIFIER = com.tany.TYDownloadManagerDemo;
				PRODUCT_NAME = "$(TARGET_NAME)";
				PROVISIONING_PROFILE = "";
			};
			name = Debug;
		};
		2BF9EA0B1D0D50D200FCD6CA /* Release */ = {
			isa = XCBuildConfiguration;
			buildSettings = {
				ASSETCATALOG_COMPILER_APPICON_NAME = AppIcon;
				CODE_SIGN_IDENTITY = "iPhone Developer";
				"CODE_SIGN_IDENTITY[sdk=iphoneos*]" = "iPhone Developer";
				INFOPLIST_FILE = TYDownloadManagerDemo/Info.plist;
				IPHONEOS_DEPLOYMENT_TARGET = 7.0;
				LD_RUNPATH_SEARCH_PATHS = "$(inherited) @executable_path/Frameworks";
				PRODUCT_BUNDLE_IDENTIFIER = com.tany.TYDownloadManagerDemo;
				PRODUCT_NAME = "$(TARGET_NAME)";
				PROVISIONING_PROFILE = "";
			};
			name = Release;
		};
/* End XCBuildConfiguration section */

/* Begin XCConfigurationList section */
		2BF9E9ED1D0D50D200FCD6CA /* Build configuration list for PBXProject "TYDownloadManagerDemo" */ = {
			isa = XCConfigurationList;
			buildConfigurations = (
				2BF9EA071D0D50D200FCD6CA /* Debug */,
				2BF9EA081D0D50D200FCD6CA /* Release */,
			);
			defaultConfigurationIsVisible = 0;
			defaultConfigurationName = Release;
		};
		2BF9EA091D0D50D200FCD6CA /* Build configuration list for PBXNativeTarget "TYDownloadManagerDemo" */ = {
			isa = XCConfigurationList;
			buildConfigurations = (
				2BF9EA0A1D0D50D200FCD6CA /* Debug */,
				2BF9EA0B1D0D50D200FCD6CA /* Release */,
			);
			defaultConfigurationIsVisible = 0;
			defaultConfigurationName = Release;
		};
/* End XCConfigurationList section */
	};
	rootObject = 2BF9E9EA1D0D50D200FCD6CA /* Project object */;
}
